
Microsoft Visual Studio Solution File, Format Version 12.00
# Visual Studio Version 17
VisualStudioVersion = 17.4.33103.184
MinimumVisualStudioVersion = 10.0.40219.1
Project("{FAE04EC0-301F-11D3-BF4B-00C04F79EFBC}") = "SuperGalerieInfinie", "SuperGalerieInfinie.csproj", "{AD1A6ECE-2135-4312-802C-8760182E1ABF}"
EndProject
Global
	GlobalSection(SolutionConfigurationPlatforms) = preSolution
		Debug|Any CPU = Debug|Any CPU
		Release|Any CPU = Release|Any CPU
	EndGlobalSection
	GlobalSection(ProjectConfigurationPlatforms) = postSolution
		{AD1A6ECE-2135-4312-802C-8760182E1ABF}.Debug|Any CPU.ActiveCfg = Debug|Any CPU
		{AD1A6ECE-2135-4312-802C-8760182E1ABF}.Debug|Any CPU.Build.0 = Debug|Any CPU
		{AD1A6ECE-2135-4312-802C-8760182E1ABF}.Release|Any CPU.ActiveCfg = Release|Any CPU
		{AD1A6ECE-2135-4312-802C-8760182E1ABF}.Release|Any CPU.Build.0 = Release|Any CPU
	EndGlobalSection
	GlobalSection(SolutionProperties) = preSolution
		HideSolutionNode = FALSE
	EndGlobalSection
	GlobalSection(ExtensibilityGlobals) = postSolution
		SolutionGuid = {688D56EB-5183-410B-8530-29534DC087DF}
	EndGlobalSection
EndGlobal
